
Microsoft Visual Studio Solution File, Format Version 12.00
# Visual Studio Version 16
VisualStudioVersion = 16.0.31205.134
MinimumVisualStudioVersion = 10.0.40219.1
Project("{FAE04EC0-301F-11D3-BF4B-00C04F79EFBC}") = "Entities", "Entities\Entities.csproj", "{944D8D19-EE1E-4596-A767-D77721E6B75B}"
EndProject
Project("{9A19103F-16F7-4668-BE54-9A1E7A4F7556}") = "Core", "..\..\Cross\FinalProject\Core\Core.csproj", "{F6D46D9A-A4F7-433B-8832-7058258A9A8B}"
EndProject
Project("{FAE04EC0-301F-11D3-BF4B-00C04F79EFBC}") = "DataAccess", "DataAccess\DataAccess.csproj", "{365FB8D3-322C-44BD-B47B-603A41AF47FF}"
EndProject
Project("{FAE04EC0-301F-11D3-BF4B-00C04F79EFBC}") = "Business", "Business\Business.csproj", "{39D59494-8921-4123-B676-5F70609DBFAC}"
EndProject
Project("{FAE04EC0-301F-11D3-BF4B-00C04F79EFBC}") = "MvcWebUI", "MvcWebUI\MvcWebUI.csproj", "{6D0DF019-6BBC-4364-9767-5E04151CA89C}"
EndProject
Global
	GlobalSection(SolutionConfigurationPlatforms) = preSolution
		Debug|Any CPU = Debug|Any CPU
		Release|Any CPU = Release|Any CPU
	EndGlobalSection
	GlobalSection(ProjectConfigurationPlatforms) = postSolution
		{944D8D19-EE1E-4596-A767-D77721E6B75B}.Debug|Any CPU.ActiveCfg = Debug|Any CPU
		{944D8D19-EE1E-4596-A767-D77721E6B75B}.Debug|Any CPU.Build.0 = Debug|Any CPU
		{944D8D19-EE1E-4596-A767-D77721E6B75B}.Release|Any CPU.ActiveCfg = Release|Any CPU
		{944D8D19-EE1E-4596-A767-D77721E6B75B}.Release|Any CPU.Build.0 = Release|Any CPU
		{F6D46D9A-A4F7-433B-8832-7058258A9A8B}.Debug|Any CPU.ActiveCfg = Debug|Any CPU
		{F6D46D9A-A4F7-433B-8832-7058258A9A8B}.Debug|Any CPU.Build.0 = Debug|Any CPU
		{F6D46D9A-A4F7-433B-8832-7058258A9A8B}.Release|Any CPU.ActiveCfg = Release|Any CPU
		{F6D46D9A-A4F7-433B-8832-7058258A9A8B}.Release|Any CPU.Build.0 = Release|Any CPU
		{365FB8D3-322C-44BD-B47B-603A41AF47FF}.Debug|Any CPU.ActiveCfg = Debug|Any CPU
		{365FB8D3-322C-44BD-B47B-603A41AF47FF}.Debug|Any CPU.Build.0 = Debug|Any CPU
		{365FB8D3-322C-44BD-B47B-603A41AF47FF}.Release|Any CPU.ActiveCfg = Release|Any CPU
		{365FB8D3-322C-44BD-B47B-603A41AF47FF}.Release|Any CPU.Build.0 = Release|Any CPU
		{39D59494-8921-4123-B676-5F70609DBFAC}.Debug|Any CPU.ActiveCfg = Debug|Any CPU
		{39D59494-8921-4123-B676-5F70609DBFAC}.Debug|Any CPU.Build.0 = Debug|Any CPU
		{39D59494-8921-4123-B676-5F70609DBFAC}.Release|Any CPU.ActiveCfg = Release|Any CPU
		{39D59494-8921-4123-B676-5F70609DBFAC}.Release|Any CPU.Build.0 = Release|Any CPU
		{6D0DF019-6BBC-4364-9767-5E04151CA89C}.Debug|Any CPU.ActiveCfg = Debug|Any CPU
		{6D0DF019-6BBC-4364-9767-5E04151CA89C}.Debug|Any CPU.Build.0 = Debug|Any CPU
		{6D0DF019-6BBC-4364-9767-5E04151CA89C}.Release|Any CPU.ActiveCfg = Release|Any CPU
		{6D0DF019-6BBC-4364-9767-5E04151CA89C}.Release|Any CPU.Build.0 = Release|Any CPU
	EndGlobalSection
	GlobalSection(SolutionProperties) = preSolution
		HideSolutionNode = FALSE
	EndGlobalSection
	GlobalSection(ExtensibilityGlobals) = postSolution
		SolutionGuid = {0EB6E84A-72F8-4B0B-88C7-45659B3A709C}
	EndGlobalSection
EndGlobal
